
Microsoft Visual Studio Solution File, Format Version 12.00
# Visual Studio Version 16
VisualStudioVersion = 16.0.31613.86
MinimumVisualStudioVersion = 10.0.40219.1
Project("{FAE04EC0-301F-11D3-BF4B-00C04F79EFBC}") = "WhiteBoardDemo", "WhiteBoardDemo\WhiteBoardDemo.csproj", "{F1EF949E-2931-469F-9CC5-E97BECBDC287}"
EndProject
Global
	GlobalSection(SolutionConfigurationPlatforms) = preSolution
		Debug|Any CPU = Debug|Any CPU
		Release|Any CPU = Release|Any CPU
	EndGlobalSection
	GlobalSection(ProjectConfigurationPlatforms) = postSolution
		{F1EF949E-2931-469F-9CC5-E97BECBDC287}.Debug|Any CPU.ActiveCfg = Debug|Any CPU
		{F1EF949E-2931-469F-9CC5-E97BECBDC287}.Debug|Any CPU.Build.0 = Debug|Any CPU
		{F1EF949E-2931-469F-9CC5-E97BECBDC287}.Release|Any CPU.ActiveCfg = Release|Any CPU
		{F1EF949E-2931-469F-9CC5-E97BECBDC287}.Release|Any CPU.Build.0 = Release|Any CPU
	EndGlobalSection
	GlobalSection(SolutionProperties) = preSolution
		HideSolutionNode = FALSE
	EndGlobalSection
	GlobalSection(ExtensibilityGlobals) = postSolution
		SolutionGuid = {141078F8-56AB-4BDC-B76A-D4ED0BAE8839}
	EndGlobalSection
EndGlobal
